
Microsoft Visual Studio Solution File, Format Version 12.00
# Visual Studio 2017
Project("{FAE04EC0-301F-11D3-BF4B-00C04F79EFBC}") = "Minesweeper", "Minesweeper.csproj", "{D5D46573-6585-85E7-CC03-421FBEE2C45A}"
EndProject
Project("{FAE04EC0-301F-11D3-BF4B-00C04F79EFBC}") = "Minesweeper.Editor", "Minesweeper.Editor.csproj", "{B54B476C-966C-F5A1-5DF0-FC607B397E7C}"
EndProject
Global
	GlobalSection(SolutionConfigurationPlatforms) = preSolution
		Debug|Any CPU = Debug|Any CPU
		Release|Any CPU = Release|Any CPU
	EndGlobalSection
	GlobalSection(ProjectConfigurationPlatforms) = postSolution
		{D5D46573-6585-85E7-CC03-421FBEE2C45A}.Debug|Any CPU.ActiveCfg = Debug|Any CPU
		{D5D46573-6585-85E7-CC03-421FBEE2C45A}.Debug|Any CPU.Build.0 = Debug|Any CPU
		{D5D46573-6585-85E7-CC03-421FBEE2C45A}.Release|Any CPU.ActiveCfg = Release|Any CPU
		{D5D46573-6585-85E7-CC03-421FBEE2C45A}.Release|Any CPU.Build.0 = Release|Any CPU
		{B54B476C-966C-F5A1-5DF0-FC607B397E7C}.Debug|Any CPU.ActiveCfg = Debug|Any CPU
		{B54B476C-966C-F5A1-5DF0-FC607B397E7C}.Debug|Any CPU.Build.0 = Debug|Any CPU
		{B54B476C-966C-F5A1-5DF0-FC607B397E7C}.Release|Any CPU.ActiveCfg = Release|Any CPU
		{B54B476C-966C-F5A1-5DF0-FC607B397E7C}.Release|Any CPU.Build.0 = Release|Any CPU
	EndGlobalSection
	GlobalSection(SolutionProperties) = preSolution
		HideSolutionNode = FALSE
	EndGlobalSection
EndGlobal
